{
    "_readme": [
        "This file locks the dependencies of your project to a known state",
        "Read more about it at https://getcomposer.org/doc/01-basic-usage.md#composer-lock-the-lock-file",
        "This file is @generated automatically"
    ],
    "hash": "fd7aa198900f3f6abef459dec2e18c7d",
    "packages": [
        {
            "name": "catfan/medoo",
            "version": "v0.9.8",
            "source": {
                "type": "git",
                "url": "https://github.com/catfan/Medoo.git",
                "reference": "920ae293ee87286f955a5265124509695e172434"
            },
            "dist": {
                "type": "zip",
                "url": "http://packagist.phpcomposer.com/files/catfan/Medoo/920ae293ee87286f955a5265124509695e172434.zip",
                "reference": "920ae293ee87286f955a5265124509695e172434",
                "shasum": ""
            },
            "require": {
                "ext-pdo": "*",
                "php": ">=5.1"
            },
            "suggest": {
                "ext-pdo-mysql": "For MySQL or MariaDB databases",
                "ext-pdo-pqsql": "For PostgreSQL databases",
                "ext-pdo-sqlite": "For SQLite databases",
                "ext-pdo_dblib": "For MSSQL or Sybase databases on Liunx/UNIX platform",
                "ext-pdo_oci": "For Oracle databases",
                "ext-pdo_sqlsrv": "For MSSQL databases on Windows platform"
            },
            "type": "framework",
            "autoload": {
                "files": [
                    "medoo.php"
                ]
            },
            "notification-url": "https://packagist.org/downloads/",
            "license": [
                "MIT"
            ],
            "authors": [
                {
                    "name": "Angel Lai",
                    "email": "angel.lai.cat@gmail.com"
                }
            ],
            "description": "The Lightest PHP database framework to accelerate development",
            "homepage": "http://medoo.in",
            "keywords": [
                "database",
                "lightweight",
                "mssql",
                "mysql",
                "php framework",
                "sql",
                "sqlite"
            ],
            "time": "2015-02-11 03:54:23"
        },
        {
            "name": "glenscott/url-normalizer",
            "version": "1.4.0",
            "source": {
                "type": "git",
                "url": "https://github.com/glenscott/url-normalizer.git",
                "reference": "b8e79d3360a1bd7182398c9956bd74d219ad1b3c"
            },
            "dist": {
                "type": "zip",
                "url": "http://packagist.phpcomposer.com/files/glenscott/url-normalizer/b8e79d3360a1bd7182398c9956bd74d219ad1b3c.zip",
                "reference": "b8e79d3360a1bd7182398c9956bd74d219ad1b3c",
                "shasum": ""
            },
            "require": {
                "ext-mbstring": "*",
                "php": ">=5.3.0"
            },
            "type": "library",
            "autoload": {
                "psr-4": {
                    "URL\\": "src/URL"
                }
            },
            "notification-url": "https://packagist.org/downloads/",
            "license": [
                "MIT"
            ],
            "authors": [
                {
                    "name": "Glen Scott",
                    "email": "glen@glenscott.co.uk"
                }
            ],
            "description": "Syntax based normalization of URL's",
            "time": "2015-06-11 16:06:02"
        },
        {
            "name": "hashids/hashids",
            "version": "1.0.5",
            "source": {
                "type": "git",
                "url": "https://github.com/ivanakimov/hashids.php.git",
                "reference": "991a88b01b01b053fbd39a56780a66e572f1dc1a"
            },
            "dist": {
                "type": "zip",
                "url": "http://packagist.phpcomposer.com/files/ivanakimov/hashids.php/991a88b01b01b053fbd39a56780a66e572f1dc1a.zip",
                "reference": "991a88b01b01b053fbd39a56780a66e572f1dc1a",
                "shasum": ""
            },
            "require": {
                "php": ">=5.3.0"
            },
            "require-dev": {
                "phpunit/phpunit": "3.7.*"
            },
            "type": "library",
            "extra": {
                "branch-alias": {
                    "dev-master": "1.0-dev"
                }
            },
            "autoload": {
                "psr-0": {
                    "Hashids": "lib/"
                }
            },
            "notification-url": "https://packagist.org/downloads/",
            "license": [
                "MIT"
            ],
            "authors": [
                {
                    "name": "Ivan Akimov",
                    "email": "ivan@barreleye.com",
                    "homepage": "https://twitter.com/IvanAkimov"
                }
            ],
            "description": "Generate hashids like YouTube or Bitly from numbers to obfuscate your database primary ids, or navigate to the right shard.",
            "homepage": "http://hashids.org/php",
            "keywords": [
                "bitly",
                "decrypt",
                "encrypt",
                "hash",
                "hashid",
                "hashids",
                "ids",
                "obfuscate",
                "youtube"
            ],
            "time": "2015-01-21 00:49:41"
        },
        {
            "name": "mikecao/flight",
            "version": "v1.2.13",
            "source": {
                "type": "git",
                "url": "https://github.com/mikecao/flight.git",
                "reference": "9b0b527ac5f1b75ad79d151a4510b8ea958769bf"
            },
            "dist": {
                "type": "zip",
                "url": "http://packagist.phpcomposer.com/files/mikecao/flight/9b0b527ac5f1b75ad79d151a4510b8ea958769bf.zip",
                "reference": "9b0b527ac5f1b75ad79d151a4510b8ea958769bf",
                "shasum": ""
            },
            "require": {
                "php": ">=5.3.0"
            },
            "type": "library",
            "autoload": {
                "files": [
                    "flight/autoload.php",
                    "flight/Flight.php"
                ]
            },
            "notification-url": "https://packagist.org/downloads/",
            "license": [
                "MIT"
            ],
            "authors": [
                {
                    "name": "Mike Cao",
                    "email": "mike@mikecao.com",
                    "homepage": "http://www.mikecao.com/",
                    "role": "Original Developer"
                }
            ],
            "description": "Flight is a fast, simple, extensible framework for PHP. Flight enables you to quickly and easily build RESTful web applications.",
            "homepage": "http://flightphp.com",
            "time": "2015-03-24 04:14:58"
        }
    ],
    "packages-dev": [],
    "aliases": [],
    "minimum-stability": "stable",
    "stability-flags": [],
    "prefer-stable": false,
    "prefer-lowest": false,
    "platform": {
        "php": ">=5.4.0"
    },
    "platform-dev": []
}
