{
    "_readme": [
        "This file locks the dependencies of your project to a known state",
        "Read more about it at https://getcomposer.org/doc/01-basic-usage.md#composer-lock-the-lock-file",
        "This file is @generated automatically"
    ],
    "content-hash": "d0cf054e4a3c1b0908683bb963b45130",
    "packages": [
        {
            "name": "catfan/medoo",
            "version": "v0.9.8",
            "source": {
                "type": "git",
                "url": "https://github.com/catfan/Medoo.git",
                "reference": "920ae293ee87286f955a5265124509695e172434"
            },
            "dist": {
                "type": "zip",
                "url": "http://packagist.phpcomposer.com/files/catfan/Medoo/920ae293ee87286f955a5265124509695e172434.zip",
                "reference": "920ae293ee87286f955a5265124509695e172434",
                "shasum": ""
            },
            "require": {
                "ext-pdo": "*",
                "php": ">=5.1"
            },
            "suggest": {
                "ext-pdo-mysql": "For MySQL or MariaDB databases",
                "ext-pdo-pqsql": "For PostgreSQL databases",
                "ext-pdo-sqlite": "For SQLite databases",
                "ext-pdo_dblib": "For MSSQL or Sybase databases on Liunx/UNIX platform",
                "ext-pdo_oci": "For Oracle databases",
                "ext-pdo_sqlsrv": "For MSSQL databases on Windows platform"
            },
            "type": "framework",
            "autoload": {
                "files": [
                    "medoo.php"
                ]
            },
            "notification-url": "https://packagist.org/downloads/",
            "license": [
                "MIT"
            ],
            "authors": [
                {
                    "name": "Angel Lai",
                    "email": "angel.lai.cat@gmail.com"
                }
            ],
            "description": "The Lightest PHP database framework to accelerate development",
            "homepage": "http://medoo.in",
            "keywords": [
                "database",
                "lightweight",
                "mssql",
                "mysql",
                "php framework",
                "sql",
                "sqlite"
            ],
            "time": "2015-02-11T03:54:23+00:00"
        },
        {
            "name": "etechnika/idna-convert",
            "version": "1.2.0",
            "source": {
                "type": "git",
                "url": "https://github.com/etechnika/idna-convert.git",
                "reference": "e6c49ff6f13b18f2f22ed26ba4f6e870788b8033"
            },
            "dist": {
                "type": "zip",
                "url": "https://files.phpcomposer.com/files/etechnika/idna-convert/e6c49ff6f13b18f2f22ed26ba4f6e870788b8033.zip",
                "reference": "e6c49ff6f13b18f2f22ed26ba4f6e870788b8033",
                "shasum": ""
            },
            "require": {
                "php": ">=5.3.0"
            },
            "require-dev": {
                "fabpot/php-cs-fixer": "~1.0",
                "mayflower/php-codebrowser": "~1.1",
                "pdepend/pdepend": "~2.0",
                "phing/phing": "~2.10",
                "phploc/phploc": "~2.0",
                "phpmd/phpmd": "~2.0",
                "phpunit/php-code-coverage": "~2.0",
                "phpunit/phpcov": "~2.0",
                "phpunit/phpunit": "~4.1",
                "satooshi/php-coveralls": "~0.6",
                "sebastian/phpcpd": "~2.0",
                "sebastian/phpdcd": "~1.0",
                "squizlabs/php_codesniffer": "~2.0"
            },
            "suggest": {
                "monolog/monolog": "You should used orginal package mso/idna-convert"
            },
            "type": "library",
            "autoload": {
                "psr-0": {
                    "Etechnika\\IdnaConvert": "src/"
                }
            },
            "notification-url": "https://packagist.org/downloads/",
            "license": [
                "LGPL-2.1"
            ],
            "authors": [
                {
                    "name": "Tomasz Rutkowski",
                    "email": "majorserwis+etechnika@gmail.com",
                    "homepage": "http://etechnika.eu",
                    "role": "Developer"
                }
            ],
            "description": "Etechnika.eu idna-convert",
            "homepage": "https://github.com/etechnika/idna-convert",
            "keywords": [
                "lib"
            ],
            "time": "2016-01-28T19:20:39+00:00"
        },
        {
            "name": "glenscott/url-normalizer",
            "version": "1.4.0",
            "source": {
                "type": "git",
                "url": "https://github.com/glenscott/url-normalizer.git",
                "reference": "b8e79d3360a1bd7182398c9956bd74d219ad1b3c"
            },
            "dist": {
                "type": "zip",
                "url": "http://packagist.phpcomposer.com/files/glenscott/url-normalizer/b8e79d3360a1bd7182398c9956bd74d219ad1b3c.zip",
                "reference": "b8e79d3360a1bd7182398c9956bd74d219ad1b3c",
                "shasum": ""
            },
            "require": {
                "ext-mbstring": "*",
                "php": ">=5.3.0"
            },
            "type": "library",
            "autoload": {
                "psr-4": {
                    "URL\\": "src/URL"
                }
            },
            "notification-url": "https://packagist.org/downloads/",
            "license": [
                "MIT"
            ],
            "authors": [
                {
                    "name": "Glen Scott",
                    "email": "glen@glenscott.co.uk"
                }
            ],
            "description": "Syntax based normalization of URL's",
            "time": "2015-06-11T16:06:02+00:00"
        },
        {
            "name": "hashids/hashids",
            "version": "2.0.3",
            "source": {
                "type": "git",
                "url": "https://github.com/ivanakimov/hashids.php.git",
                "reference": "28889ed83cdc91f4a55637daff0fb5c799eb324e"
            },
            "dist": {
                "type": "zip",
                "url": "https://files.phpcomposer.com/files/ivanakimov/hashids.php/28889ed83cdc91f4a55637daff0fb5c799eb324e.zip",
                "reference": "28889ed83cdc91f4a55637daff0fb5c799eb324e",
                "shasum": ""
            },
            "require": {
                "ext-bcmath": "*",
                "php": "^5.6.4 || ^7.0"
            },
            "require-dev": {
                "phpunit/phpunit": "^5.6"
            },
            "type": "library",
            "extra": {
                "branch-alias": {
                    "dev-master": "2.1-dev"
                }
            },
            "autoload": {
                "psr-4": {
                    "Hashids\\": "src/"
                }
            },
            "notification-url": "https://packagist.org/downloads/",
            "license": [
                "MIT"
            ],
            "authors": [
                {
                    "name": "Ivan Akimov",
                    "email": "ivan@barreleye.com",
                    "homepage": "https://twitter.com/IvanAkimov"
                },
                {
                    "name": "Vincent Klaiber",
                    "email": "hello@vinkla.com",
                    "homepage": "https://vinkla.com"
                }
            ],
            "description": "Generate short, unique, non-sequential ids (like YouTube and Bitly) from numbers",
            "homepage": "http://hashids.org/php",
            "keywords": [
                "bitly",
                "decode",
                "encode",
                "hash",
                "hashid",
                "hashids",
                "ids",
                "obfuscate",
                "youtube"
            ],
            "time": "2017-01-01T13:33:33+00:00"
        },
        {
            "name": "mikecao/flight",
            "version": "v1.3.2",
            "source": {
                "type": "git",
                "url": "https://github.com/mikecao/flight.git",
                "reference": "c3c6f689099937e6e4ecf25b7fe8c780df1500f9"
            },
            "dist": {
                "type": "zip",
                "url": "https://files.phpcomposer.com/files/mikecao/flight/c3c6f689099937e6e4ecf25b7fe8c780df1500f9.zip",
                "reference": "c3c6f689099937e6e4ecf25b7fe8c780df1500f9",
                "shasum": ""
            },
            "require": {
                "php": ">=5.3.0"
            },
            "require-dev": {
                "phpunit/phpunit": "~4.6"
            },
            "type": "library",
            "autoload": {
                "files": [
                    "flight/autoload.php",
                    "flight/Flight.php"
                ]
            },
            "notification-url": "https://packagist.org/downloads/",
            "license": [
                "MIT"
            ],
            "authors": [
                {
                    "name": "Mike Cao",
                    "email": "mike@mikecao.com",
                    "homepage": "http://www.mikecao.com/",
                    "role": "Original Developer"
                }
            ],
            "description": "Flight is a fast, simple, extensible framework for PHP. Flight enables you to quickly and easily build RESTful web applications.",
            "homepage": "http://flightphp.com",
            "time": "2016-10-25T19:27:20+00:00"
        },
        {
            "name": "wikimedia/ip-set",
            "version": "1.1.0",
            "source": {
                "type": "git",
                "url": "https://github.com/wikimedia/IPSet.git",
                "reference": "b71a3834b42e2bcb2d9fa037abbb654e82117a01"
            },
            "dist": {
                "type": "zip",
                "url": "https://files.phpcomposer.com/files/wikimedia/IPSet/b71a3834b42e2bcb2d9fa037abbb654e82117a01.zip",
                "reference": "b71a3834b42e2bcb2d9fa037abbb654e82117a01",
                "shasum": ""
            },
            "require": {
                "php": ">=5.3.3"
            },
            "require-dev": {
                "jakub-onderka/php-parallel-lint": "0.9.2",
                "mediawiki/mediawiki-codesniffer": "0.5.1",
                "phpunit/phpunit": "4.7.2"
            },
            "type": "library",
            "autoload": {
                "classmap": [
                    "src/"
                ]
            },
            "notification-url": "https://packagist.org/downloads/",
            "license": [
                "GPL-2.0+"
            ],
            "authors": [
                {
                    "name": "Brandon Black",
                    "email": "blblack@gmail.com"
                }
            ],
            "description": "Efficiently match IP addresses against a set of CIDR specifications.",
            "homepage": "https://github.com/wikimedia/IPSet",
            "time": "2016-02-12T15:19:10+00:00"
        }
    ],
    "packages-dev": [],
    "aliases": [],
    "minimum-stability": "stable",
    "stability-flags": [],
    "prefer-stable": false,
    "prefer-lowest": false,
    "platform": {
        "php": ">=5.5.0"
    },
    "platform-dev": []
}
